// !$*UTF8*$!
{
	archiveVersion = 1;
	classes = {
	};
	objectVersion = 56;
	objects = {

/* Begin PBXBuildFile section */
		BF9BAB652942F1C100359CFD /* FeatureFlagsApp.swift in Sources */ = {isa = PBXBuildFile; fileRef = BF9BAB642942F1C100359CFD /* FeatureFlagsApp.swift */; };
		BF9BAB672942F1C100359CFD /* ContentView.swift in Sources */ = {isa = PBXBuildFile; fileRef = BF9BAB662942F1C100359CFD /* ContentView.swift */; };
		BF9BAB692942F1C300359CFD /* Assets.xcassets in Resources */ = {isa = PBXBuildFile; fileRef = BF9BAB682942F1C300359CFD /* Assets.xcassets */; };
		BF9BAB6C2942F1C300359CFD /* Preview Assets.xcassets in Resources */ = {isa = PBXBuildFile; fileRef = BF9BAB6B2942F1C300359CFD /* Preview Assets.xcassets */; };
		BF9BAB762942F1C400359CFD /* FeatureFlagsTests.swift in Sources */ = {isa = PBXBuildFile; fileRef = BF9BAB752942F1C400359CFD /* FeatureFlagsTests.swift */; };
		BF9BAB802942F1C400359CFD /* FeatureFlagsUITests.swift in Sources */ = {isa = PBXBuildFile; fileRef = BF9BAB7F2942F1C400359CFD /* FeatureFlagsUITests.swift */; };
		BF9BAB822942F1C400359CFD /* FeatureFlagsUITestsLaunchTests.swift in Sources */ = {isa = PBXBuildFile; fileRef = BF9BAB812942F1C400359CFD /* FeatureFlagsUITestsLaunchTests.swift */; };
/* End PBXBuildFile section */

/* Begin PBXContainerItemProxy section */
		BF9BAB722942F1C400359CFD /* PBXContainerItemProxy */ = {
			isa = PBXContainerItemProxy;
			containerPortal = BF9BAB592942F1C100359CFD /* Project object */;
			proxyType = 1;
			remoteGlobalIDString = BF9BAB602942F1C100359CFD;
			remoteInfo = featureflags;
		};
		BF9BAB7C2942F1C400359CFD /* PBXContainerItemProxy */ = {
			isa = PBXContainerItemProxy;
			containerPortal = BF9BAB592942F1C100359CFD /* Project object */;
			proxyType = 1;
			remoteGlobalIDString = BF9BAB602942F1C100359CFD;
			remoteInfo = featureflags;
		};
/* End PBXContainerItemProxy section */

/* Begin PBXFileReference section */
		BF9BAB612942F1C100359CFD /* featureflags.app */ = {isa = PBXFileReference; explicitFileType = wrapper.application; includeInIndex = 0; path = featureflags.app; sourceTree = BUILT_PRODUCTS_DIR; };
		BF9BAB642942F1C100359CFD /* FeatureFlagsApp.swift */ = {isa = PBXFileReference; lastKnownFileType = sourcecode.swift; path = FeatureFlagsApp.swift; sourceTree = "<group>"; };
		BF9BAB662942F1C100359CFD /* ContentView.swift */ = {isa = PBXFileReference; lastKnownFileType = sourcecode.swift; path = ContentView.swift; sourceTree = "<group>"; };
		BF9BAB682942F1C300359CFD /* Assets.xcassets */ = {isa = PBXFileReference; lastKnownFileType = folder.assetcatalog; path = Assets.xcassets; sourceTree = "<group>"; };
		BF9BAB6B2942F1C300359CFD /* Preview Assets.xcassets */ = {isa = PBXFileReference; lastKnownFileType = folder.assetcatalog; path = "Preview Assets.xcassets"; sourceTree = "<group>"; };
		BF9BAB712942F1C400359CFD /* featureflagsTests.xctest */ = {isa = PBXFileReference; explicitFileType = wrapper.cfbundle; includeInIndex = 0; path = featureflagsTests.xctest; sourceTree = BUILT_PRODUCTS_DIR; };
		BF9BAB752942F1C400359CFD /* FeatureFlagsTests.swift */ = {isa = PBXFileReference; lastKnownFileType = sourcecode.swift; path = FeatureFlagsTests.swift; sourceTree = "<group>"; };
		BF9BAB7B2942F1C400359CFD /* featureflagsUITests.xctest */ = {isa = PBXFileReference; explicitFileType = wrapper.cfbundle; includeInIndex = 0; path = featureflagsUITests.xctest; sourceTree = BUILT_PRODUCTS_DIR; };
		BF9BAB7F2942F1C400359CFD /* FeatureFlagsUITests.swift */ = {isa = PBXFileReference; lastKnownFileType = sourcecode.swift; path = FeatureFlagsUITests.swift; sourceTree = "<group>"; };
		BF9BAB812942F1C400359CFD /* FeatureFlagsUITestsLaunchTests.swift */ = {isa = PBXFileReference; lastKnownFileType = sourcecode.swift; path = FeatureFlagsUITestsLaunchTests.swift; sourceTree = "<group>"; };
/* End PBXFileReference section */

/* Begin PBXFrameworksBuildPhase section */
		BF9BAB5E2942F1C100359CFD /* Frameworks */ = {
			isa = PBXFrameworksBuildPhase;
			buildActionMask = 2147483647;
			files = (
			);
			runOnlyForDeploymentPostprocessing = 0;
		};
		BF9BAB6E2942F1C400359CFD /* Frameworks */ = {
			isa = PBXFrameworksBuildPhase;
			buildActionMask = 2147483647;
			files = (
			);
			runOnlyForDeploymentPostprocessing = 0;
		};
		BF9BAB782942F1C400359CFD /* Frameworks */ = {
			isa = PBXFrameworksBuildPhase;
			buildActionMask = 2147483647;
			files = (
			);
			runOnlyForDeploymentPostprocessing = 0;
		};
/* End PBXFrameworksBuildPhase section */

/* Begin PBXGroup section */
		BF83114329450BD900424182 /* Packages */ = {
			isa = PBXGroup;
			children = (
			);
			name = Packages;
			sourceTree = "<group>";
		};
		BF9BAB582942F1C100359CFD = {
			isa = PBXGroup;
			children = (
				BF83114329450BD900424182 /* Packages */,
				BF9BAB632942F1C100359CFD /* featureflags */,
				BF9BAB742942F1C400359CFD /* featureflagsTests */,
				BF9BAB7E2942F1C400359CFD /* featureflagsUITests */,
				BF9BAB622942F1C100359CFD /* Products */,
			);
			sourceTree = "<group>";
		};
		BF9BAB622942F1C100359CFD /* Products */ = {
			isa = PBXGroup;
			children = (
				BF9BAB612942F1C100359CFD /* featureflags.app */,
				BF9BAB712942F1C400359CFD /* featureflagsTests.xctest */,
				BF9BAB7B2942F1C400359CFD /* featureflagsUITests.xctest */,
			);
			name = Products;
			sourceTree = "<group>";
		};
		BF9BAB632942F1C100359CFD /* featureflags */ = {
			isa = PBXGroup;
			children = (
				BF9BAB642942F1C100359CFD /* FeatureFlagsApp.swift */,
				BF9BAB662942F1C100359CFD /* ContentView.swift */,
				BF9BAB682942F1C300359CFD /* Assets.xcassets */,
				BF9BAB6A2942F1C300359CFD /* Preview Content */,
			);
			path = featureflags;
			sourceTree = "<group>";
		};
		BF9BAB6A2942F1C300359CFD /* Preview Content */ = {
			isa = PBXGroup;
			children = (
				BF9BAB6B2942F1C300359CFD /* Preview Assets.xcassets */,
			);
			path = "Preview Content";
			sourceTree = "<group>";
		};
		BF9BAB742942F1C400359CFD /* featureflagsTests */ = {
			isa = PBXGroup;
			children = (
				BF9BAB752942F1C400359CFD /* FeatureFlagsTests.swift */,
			);
			path = featureflagsTests;
			sourceTree = "<group>";
		};
		BF9BAB7E2942F1C400359CFD /* featureflagsUITests */ = {
			isa = PBXGroup;
			children = (
				BF9BAB7F2942F1C400359CFD /* FeatureFlagsUITests.swift */,
				BF9BAB812942F1C400359CFD /* FeatureFlagsUITestsLaunchTests.swift */,
			);
			path = featureflagsUITests;
			sourceTree = "<group>";
		};
/* End PBXGroup section */

/* Begin PBXNativeTarget section */
		BF9BAB602942F1C100359CFD /* featureflags */ = {
			isa = PBXNativeTarget;
			buildConfigurationList = BF9BAB852942F1C400359CFD /* Build configuration list for PBXNativeTarget "featureflags" */;
			buildPhases = (
				BF9BAB5D2942F1C100359CFD /* Sources */,
				BF9BAB5E2942F1C100359CFD /* Frameworks */,
				BF9BAB5F2942F1C100359CFD /* Resources */,
			);
			buildRules = (
			);
			dependencies = (
			);
			name = featureflags;
			productName = featureflags;
			productReference = BF9BAB612942F1C100359CFD /* featureflags.app */;
			productType = "com.apple.product-type.application";
		};
		BF9BAB702942F1C400359CFD /* featureflagsTests */ = {
			isa = PBXNativeTarget;
			buildConfigurationList = BF9BAB882942F1C400359CFD /* Build configuration list for PBXNativeTarget "featureflagsTests" */;
			buildPhases = (
				BF9BAB6D2942F1C400359CFD /* Sources */,
				BF9BAB6E2942F1C400359CFD /* Frameworks */,
				BF9BAB6F2942F1C400359CFD /* Resources */,
			);
			buildRules = (
			);
			dependencies = (
				BF9BAB732942F1C400359CFD /* PBXTargetDependency */,
			);
			name = featureflagsTests;
			productName = featureflagsTests;
			productReference = BF9BAB712942F1C400359CFD /* featureflagsTests.xctest */;
			productType = "com.apple.product-type.bundle.unit-test";
		};
		BF9BAB7A2942F1C400359CFD /* featureflagsUITests */ = {
			isa = PBXNativeTarget;
			buildConfigurationList = BF9BAB8B2942F1C400359CFD /* Build configuration list for PBXNativeTarget "featureflagsUITests" */;
			buildPhases = (
				BF9BAB772942F1C400359CFD /* Sources */,
				BF9BAB782942F1C400359CFD /* Frameworks */,
				BF9BAB792942F1C400359CFD /* Resources */,
			);
			buildRules = (
			);
			dependencies = (
				BF9BAB7D2942F1C400359CFD /* PBXTargetDependency */,
			);
			name = featureflagsUITests;
			productName = featureflagsUITests;
			productReference = BF9BAB7B2942F1C400359CFD /* featureflagsUITests.xctest */;
			productType = "com.apple.product-type.bundle.ui-testing";
		};
/* End PBXNativeTarget section */

/* Begin PBXProject section */
		BF9BAB592942F1C100359CFD /* Project object */ = {
			isa = PBXProject;
			attributes = {
				BuildIndependentTargetsInParallel = 1;
				LastSwiftUpdateCheck = 1410;
				LastUpgradeCheck = 1410;
				TargetAttributes = {
					BF9BAB602942F1C100359CFD = {
						CreatedOnToolsVersion = 14.1;
					};
					BF9BAB702942F1C400359CFD = {
						CreatedOnToolsVersion = 14.1;
						TestTargetID = BF9BAB602942F1C100359CFD;
					};
					BF9BAB7A2942F1C400359CFD = {
						CreatedOnToolsVersion = 14.1;
						TestTargetID = BF9BAB602942F1C100359CFD;
					};
				};
			};
			buildConfigurationList = BF9BAB5C2942F1C100359CFD /* Build configuration list for PBXProject "featureflags" */;
			compatibilityVersion = "Xcode 14.0";
			developmentRegion = en;
			hasScannedForEncodings = 0;
			knownRegions = (
				en,
				Base,
			);
			mainGroup = BF9BAB582942F1C100359CFD;
			productRefGroup = BF9BAB622942F1C100359CFD /* Products */;
			projectDirPath = "";
			projectRoot = "";
			targets = (
				BF9BAB602942F1C100359CFD /* featureflags */,
				BF9BAB702942F1C400359CFD /* featureflagsTests */,
				BF9BAB7A2942F1C400359CFD /* featureflagsUITests */,
			);
		};
/* End PBXProject section */

/* Begin PBXResourcesBuildPhase section */
		BF9BAB5F2942F1C100359CFD /* Resources */ = {
			isa = PBXResourcesBuildPhase;
			buildActionMask = 2147483647;
			files = (
				BF9BAB6C2942F1C300359CFD /* Preview Assets.xcassets in Resources */,
				BF9BAB692942F1C300359CFD /* Assets.xcassets in Resources */,
			);
			runOnlyForDeploymentPostprocessing = 0;
		};
		BF9BAB6F2942F1C400359CFD /* Resources */ = {
			isa = PBXResourcesBuildPhase;
			buildActionMask = 2147483647;
			files = (
			);
			runOnlyForDeploymentPostprocessing = 0;
		};
		BF9BAB792942F1C400359CFD /* Resources */ = {
			isa = PBXResourcesBuildPhase;
			buildActionMask = 2147483647;
			files = (
			);
			runOnlyForDeploymentPostprocessing = 0;
		};
/* End PBXResourcesBuildPhase section */

/* Begin PBXSourcesBuildPhase section */
		BF9BAB5D2942F1C100359CFD /* Sources */ = {
			isa = PBXSourcesBuildPhase;
			buildActionMask = 2147483647;
			files = (
				BF9BAB672942F1C100359CFD /* ContentView.swift in Sources */,
				BF9BAB652942F1C100359CFD /* FeatureFlagsApp.swift in Sources */,
			);
			runOnlyForDeploymentPostprocessing = 0;
		};
		BF9BAB6D2942F1C400359CFD /* Sources */ = {
			isa = PBXSourcesBuildPhase;
			buildActionMask = 2147483647;
			files = (
				BF9BAB762942F1C400359CFD /* FeatureFlagsTests.swift in Sources */,
			);
			runOnlyForDeploymentPostprocessing = 0;
		};
		BF9BAB772942F1C400359CFD /* Sources */ = {
			isa = PBXSourcesBuildPhase;
			buildActionMask = 2147483647;
			files = (
				BF9BAB802942F1C400359CFD /* FeatureFlagsUITests.swift in Sources */,
				BF9BAB822942F1C400359CFD /* FeatureFlagsUITestsLaunchTests.swift in Sources */,
			);
			runOnlyForDeploymentPostprocessing = 0;
		};
/* End PBXSourcesBuildPhase section */

/* Begin PBXTargetDependency section */
		BF9BAB732942F1C400359CFD /* PBXTargetDependency */ = {
			isa = PBXTargetDependency;
			target = BF9BAB602942F1C100359CFD /* featureflags */;
			targetProxy = BF9BAB722942F1C400359CFD /* PBXContainerItemProxy */;
		};
		BF9BAB7D2942F1C400359CFD /* PBXTargetDependency */ = {
			isa = PBXTargetDependency;
			target = BF9BAB602942F1C100359CFD /* featureflags */;
			targetProxy = BF9BAB7C2942F1C400359CFD /* PBXContainerItemProxy */;
		};
/* End PBXTargetDependency section */

/* Begin XCBuildConfiguration section */
		BF9BAB832942F1C400359CFD /* Debug */ = {
			isa = XCBuildConfiguration;
			buildSettings = {
				ALWAYS_SEARCH_USER_PATHS = NO;
				CLANG_ANALYZER_NONNULL = YES;
				CLANG_ANALYZER_NUMBER_OBJECT_CONVERSION = YES_AGGRESSIVE;
				CLANG_CXX_LANGUAGE_STANDARD = "gnu++20";
				CLANG_ENABLE_MODULES = YES;
				CLANG_ENABLE_OBJC_ARC = YES;
				CLANG_ENABLE_OBJC_WEAK = YES;
				CLANG_WARN_BLOCK_CAPTURE_AUTORELEASING = YES;
				CLANG_WARN_BOOL_CONVERSION = YES;
				CLANG_WARN_COMMA = YES;
				CLANG_WARN_CONSTANT_CONVERSION = YES;
				CLANG_WARN_DEPRECATED_OBJC_IMPLEMENTATIONS = YES;
				CLANG_WARN_DIRECT_OBJC_ISA_USAGE = YES_ERROR;
				CLANG_WARN_DOCUMENTATION_COMMENTS = YES;
				CLANG_WARN_EMPTY_BODY = YES;
				CLANG_WARN_ENUM_CONVERSION = YES;
				CLANG_WARN_INFINITE_RECURSION = YES;
				CLANG_WARN_INT_CONVERSION = YES;
				CLANG_WARN_NON_LITERAL_NULL_CONVERSION = YES;
				CLANG_WARN_OBJC_IMPLICIT_RETAIN_SELF = YES;
				CLANG_WARN_OBJC_LITERAL_CONVERSION = YES;
				CLANG_WARN_OBJC_ROOT_CLASS = YES_ERROR;
				CLANG_WARN_QUOTED_INCLUDE_IN_FRAMEWORK_HEADER = YES;
				CLANG_WARN_RANGE_LOOP_ANALYSIS = YES;
				CLANG_WARN_STRICT_PROTOTYPES = YES;
				CLANG_WARN_SUSPICIOUS_MOVE = YES;
				CLANG_WARN_UNGUARDED_AVAILABILITY = YES_AGGRESSIVE;
				CLANG_WARN_UNREACHABLE_CODE = YES;
				CLANG_WARN__DUPLICATE_METHOD_MATCH = YES;
				COPY_PHASE_STRIP = NO;
				DEBUG_INFORMATION_FORMAT = dwarf;
				ENABLE_STRICT_OBJC_MSGSEND = YES;
				ENABLE_TESTABILITY = YES;
				GCC_C_LANGUAGE_STANDARD = gnu11;
				GCC_DYNAMIC_NO_PIC = NO;
				GCC_NO_COMMON_BLOCKS = YES;
				GCC_OPTIMIZATION_LEVEL = 0;
				GCC_PREPROCESSOR_DEFINITIONS = (
					"DEBUG=1",
					"$(inherited)",
				);
				GCC_WARN_64_TO_32_BIT_CONVERSION = YES;
				GCC_WARN_ABOUT_RETURN_TYPE = YES_ERROR;
				GCC_WARN_UNDECLARED_SELECTOR = YES;
				GCC_WARN_UNINITIALIZED_AUTOS = YES_AGGRESSIVE;
				GCC_WARN_UNUSED_FUNCTION = YES;
				GCC_WARN_UNUSED_VARIABLE = YES;
				IPHONEOS_DEPLOYMENT_TARGET = 16.1;
				MTL_ENABLE_DEBUG_INFO = INCLUDE_SOURCE;
				MTL_FAST_MATH = YES;
				ONLY_ACTIVE_ARCH = YES;
				SDKROOT = iphoneos;
				SWIFT_ACTIVE_COMPILATION_CONDITIONS = DEBUG;
				SWIFT_OPTIMIZATION_LEVEL = "-Onone";
			};
			name = Debug;
		};
		BF9BAB842942F1C400359CFD /* Release */ = {
			isa = XCBuildConfiguration;
			buildSettings = {
				ALWAYS_SEARCH_USER_PATHS = NO;
				CLANG_ANALYZER_NONNULL = YES;
				CLANG_ANALYZER_NUMBER_OBJECT_CONVERSION = YES_AGGRESSIVE;
				CLANG_CXX_LANGUAGE_STANDARD = "gnu++20";
				CLANG_ENABLE_MODULES = YES;
				CLANG_ENABLE_OBJC_ARC = YES;
				CLANG_ENABLE_OBJC_WEAK = YES;
				CLANG_WARN_BLOCK_CAPTURE_AUTORELEASING = YES;
				CLANG_WARN_BOOL_CONVERSION = YES;
				CLANG_WARN_COMMA = YES;
				CLANG_WARN_CONSTANT_CONVERSION = YES;
				CLANG_WARN_DEPRECATED_OBJC_IMPLEMENTATIONS = YES;
				CLANG_WARN_DIRECT_OBJC_ISA_USAGE = YES_ERROR;
				CLANG_WARN_DOCUMENTATION_COMMENTS = YES;
				CLANG_WARN_EMPTY_BODY = YES;
				CLANG_WARN_ENUM_CONVERSION = YES;
				CLANG_WARN_INFINITE_RECURSION = YES;
				CLANG_WARN_INT_CONVERSION = YES;
				CLANG_WARN_NON_LITERAL_NULL_CONVERSION = YES;
				CLANG_WARN_OBJC_IMPLICIT_RETAIN_SELF = YES;
				CLANG_WARN_OBJC_LITERAL_CONVERSION = YES;
				CLANG_WARN_OBJC_ROOT_CLASS = YES_ERROR;
				CLANG_WARN_QUOTED_INCLUDE_IN_FRAMEWORK_HEADER = YES;
				CLANG_WARN_RANGE_LOOP_ANALYSIS = YES;
				CLANG_WARN_STRICT_PROTOTYPES = YES;
				CLANG_WARN_SUSPICIOUS_MOVE = YES;
				CLANG_WARN_UNGUARDED_AVAILABILITY = YES_AGGRESSIVE;
				CLANG_WARN_UNREACHABLE_CODE = YES;
				CLANG_WARN__DUPLICATE_METHOD_MATCH = YES;
				COPY_PHASE_STRIP = NO;
				DEBUG_INFORMATION_FORMAT = "dwarf-with-dsym";
				ENABLE_NS_ASSERTIONS = NO;
				ENABLE_STRICT_OBJC_MSGSEND = YES;
				GCC_C_LANGUAGE_STANDARD = gnu11;
				GCC_NO_COMMON_BLOCKS = YES;
				GCC_WARN_64_TO_32_BIT_CONVERSION = YES;
				GCC_WARN_ABOUT_RETURN_TYPE = YES_ERROR;
				GCC_WARN_UNDECLARED_SELECTOR = YES;
				GCC_WARN_UNINITIALIZED_AUTOS = YES_AGGRESSIVE;
				GCC_WARN_UNUSED_FUNCTION = YES;
				GCC_WARN_UNUSED_VARIABLE = YES;
				IPHONEOS_DEPLOYMENT_TARGET = 16.1;
				MTL_ENABLE_DEBUG_INFO = NO;
				MTL_FAST_MATH = YES;
				SDKROOT = iphoneos;
				SWIFT_COMPILATION_MODE = wholemodule;
				SWIFT_OPTIMIZATION_LEVEL = "-O";
				VALIDATE_PRODUCT = YES;
			};
			name = Release;
		};
		BF9BAB862942F1C400359CFD /* Debug */ = {
			isa = XCBuildConfiguration;
			buildSettings = {
				ASSETCATALOG_COMPILER_APPICON_NAME = AppIcon;
				ASSETCATALOG_COMPILER_GLOBAL_ACCENT_COLOR_NAME = AccentColor;
				CODE_SIGN_STYLE = Automatic;
				CURRENT_PROJECT_VERSION = 1;
				DEVELOPMENT_ASSET_PATHS = "\"featureflags/Preview Content\"";
				ENABLE_PREVIEWS = YES;
				GENERATE_INFOPLIST_FILE = YES;
				INFOPLIST_KEY_UIApplicationSceneManifest_Generation = YES;
				INFOPLIST_KEY_UIApplicationSupportsIndirectInputEvents = YES;
				INFOPLIST_KEY_UILaunchScreen_Generation = YES;
				INFOPLIST_KEY_UISupportedInterfaceOrientations_iPad = "UIInterfaceOrientationPortrait UIInterfaceOrientationPortraitUpsideDown UIInterfaceOrientationLandscapeLeft UIInterfaceOrientationLandscapeRight";
				INFOPLIST_KEY_UISupportedInterfaceOrientations_iPhone = "UIInterfaceOrientationPortrait UIInterfaceOrientationLandscapeLeft UIInterfaceOrientationLandscapeRight";
				LD_RUNPATH_SEARCH_PATHS = (
					"$(inherited)",
					"@executable_path/Frameworks",
				);
				MARKETING_VERSION = 1.0;
				PRODUCT_BUNDLE_IDENTIFIER = com.example.featureflags;
				PRODUCT_NAME = "$(TARGET_NAME)";
				SWIFT_EMIT_LOC_STRINGS = YES;
				SWIFT_VERSION = 5.0;
				TARGETED_DEVICE_FAMILY = "1,2";
			};
			name = Debug;
		};
		BF9BAB872942F1C400359CFD /* Release */ = {
			isa = XCBuildConfiguration;
			buildSettings = {
				ASSETCATALOG_COMPILER_APPICON_NAME = AppIcon;
				ASSETCATALOG_COMPILER_GLOBAL_ACCENT_COLOR_NAME = AccentColor;
				CODE_SIGN_STYLE = Automatic;
				CURRENT_PROJECT_VERSION = 1;
				DEVELOPMENT_ASSET_PATHS = "\"featureflags/Preview Content\"";
				ENABLE_PREVIEWS = YES;
				GENERATE_INFOPLIST_FILE = YES;
				INFOPLIST_KEY_UIApplicationSceneManifest_Generation = YES;
				INFOPLIST_KEY_UIApplicationSupportsIndirectInputEvents = YES;
				INFOPLIST_KEY_UILaunchScreen_Generation = YES;
				INFOPLIST_KEY_UISupportedInterfaceOrientations_iPad = "UIInterfaceOrientationPortrait UIInterfaceOrientationPortraitUpsideDown UIInterfaceOrientationLandscapeLeft UIInterfaceOrientationLandscapeRight";
				INFOPLIST_KEY_UISupportedInterfaceOrientations_iPhone = "UIInterfaceOrientationPortrait UIInterfaceOrientationLandscapeLeft UIInterfaceOrientationLandscapeRight";
				LD_RUNPATH_SEARCH_PATHS = (
					"$(inherited)",
					"@executable_path/Frameworks",
				);
				MARKETING_VERSION = 1.0;
				PRODUCT_BUNDLE_IDENTIFIER = com.example.featureflags;
				PRODUCT_NAME = "$(TARGET_NAME)";
				SWIFT_EMIT_LOC_STRINGS = YES;
				SWIFT_VERSION = 5.0;
				TARGETED_DEVICE_FAMILY = "1,2";
			};
			name = Release;
		};
		BF9BAB892942F1C400359CFD /* Debug */ = {
			isa = XCBuildConfiguration;
			buildSettings = {
				ALWAYS_EMBED_SWIFT_STANDARD_LIBRARIES = YES;
				BUNDLE_LOADER = "$(TEST_HOST)";
				CODE_SIGN_STYLE = Automatic;
				CURRENT_PROJECT_VERSION = 1;
				GENERATE_INFOPLIST_FILE = YES;
				IPHONEOS_DEPLOYMENT_TARGET = 16.1;
				MARKETING_VERSION = 1.0;
				PRODUCT_BUNDLE_IDENTIFIER = com.example.featureflagsTests;
				PRODUCT_NAME = "$(TARGET_NAME)";
				SWIFT_EMIT_LOC_STRINGS = NO;
				SWIFT_VERSION = 5.0;
				TARGETED_DEVICE_FAMILY = "1,2";
				TEST_HOST = "$(BUILT_PRODUCTS_DIR)/featureflags.app/$(BUNDLE_EXECUTABLE_FOLDER_PATH)/featureflags";
			};
			name = Debug;
		};
		BF9BAB8A2942F1C400359CFD /* Release */ = {
			isa = XCBuildConfiguration;
			buildSettings = {
				ALWAYS_EMBED_SWIFT_STANDARD_LIBRARIES = YES;
				BUNDLE_LOADER = "$(TEST_HOST)";
				CODE_SIGN_STYLE = Automatic;
				CURRENT_PROJECT_VERSION = 1;
				GENERATE_INFOPLIST_FILE = YES;
				IPHONEOS_DEPLOYMENT_TARGET = 16.1;
				MARKETING_VERSION = 1.0;
				PRODUCT_BUNDLE_IDENTIFIER = com.example.featureflagsTests;
				PRODUCT_NAME = "$(TARGET_NAME)";
				SWIFT_EMIT_LOC_STRINGS = NO;
				SWIFT_VERSION = 5.0;
				TARGETED_DEVICE_FAMILY = "1,2";
				TEST_HOST = "$(BUILT_PRODUCTS_DIR)/featureflags.app/$(BUNDLE_EXECUTABLE_FOLDER_PATH)/featureflags";
			};
			name = Release;
		};
		BF9BAB8C2942F1C400359CFD /* Debug */ = {
			isa = XCBuildConfiguration;
			buildSettings = {
				ALWAYS_EMBED_SWIFT_STANDARD_LIBRARIES = YES;
				CODE_SIGN_STYLE = Automatic;
				CURRENT_PROJECT_VERSION = 1;
				GENERATE_INFOPLIST_FILE = YES;
				MARKETING_VERSION = 1.0;
				PRODUCT_BUNDLE_IDENTIFIER = com.example.featureflagsUITests;
				PRODUCT_NAME = "$(TARGET_NAME)";
				SWIFT_EMIT_LOC_STRINGS = NO;
				SWIFT_VERSION = 5.0;
				TARGETED_DEVICE_FAMILY = "1,2";
				TEST_TARGET_NAME = featureflags;
			};
			name = Debug;
		};
		BF9BAB8D2942F1C400359CFD /* Release */ = {
			isa = XCBuildConfiguration;
			buildSettings = {
				ALWAYS_EMBED_SWIFT_STANDARD_LIBRARIES = YES;
				CODE_SIGN_STYLE = Automatic;
				CURRENT_PROJECT_VERSION = 1;
				GENERATE_INFOPLIST_FILE = YES;
				MARKETING_VERSION = 1.0;
				PRODUCT_BUNDLE_IDENTIFIER = com.example.featureflagsUITests;
				PRODUCT_NAME = "$(TARGET_NAME)";
				SWIFT_EMIT_LOC_STRINGS = NO;
				SWIFT_VERSION = 5.0;
				TARGETED_DEVICE_FAMILY = "1,2";
				TEST_TARGET_NAME = featureflags;
			};
			name = Release;
		};
/* End XCBuildConfiguration section */

/* Begin XCConfigurationList section */
		BF9BAB5C2942F1C100359CFD /* Build configuration list for PBXProject "featureflags" */ = {
			isa = XCConfigurationList;
			buildConfigurations = (
				BF9BAB832942F1C400359CFD /* Debug */,
				BF9BAB842942F1C400359CFD /* Release */,
			);
			defaultConfigurationIsVisible = 0;
			defaultConfigurationName = Release;
		};
		BF9BAB852942F1C400359CFD /* Build configuration list for PBXNativeTarget "featureflags" */ = {
			isa = XCConfigurationList;
			buildConfigurations = (
				BF9BAB862942F1C400359CFD /* Debug */,
				BF9BAB872942F1C400359CFD /* Release */,
			);
			defaultConfigurationIsVisible = 0;
			defaultConfigurationName = Release;
		};
		BF9BAB882942F1C400359CFD /* Build configuration list for PBXNativeTarget "featureflagsTests" */ = {
			isa = XCConfigurationList;
			buildConfigurations = (
				BF9BAB892942F1C400359CFD /* Debug */,
				BF9BAB8A2942F1C400359CFD /* Release */,
			);
			defaultConfigurationIsVisible = 0;
			defaultConfigurationName = Release;
		};
		BF9BAB8B2942F1C400359CFD /* Build configuration list for PBXNativeTarget "featureflagsUITests" */ = {
			isa = XCConfigurationList;
			buildConfigurations = (
				BF9BAB8C2942F1C400359CFD /* Debug */,
				BF9BAB8D2942F1C400359CFD /* Release */,
			);
			defaultConfigurationIsVisible = 0;
			defaultConfigurationName = Release;
		};
/* End XCConfigurationList section */
	};
	rootObject = BF9BAB592942F1C100359CFD /* Project object */;
}
